
Microsoft Visual Studio Solution File, Format Version 12.00
# Visual Studio Version 17
VisualStudioVersion = 17.4.33213.308
MinimumVisualStudioVersion = 10.0.40219.1
Project("{FAE04EC0-301F-11D3-BF4B-00C04F79EFBC}") = "Week2", "Week2\Week2.csproj", "{7A8925E8-88AD-40CF-96B2-1109C59379FF}"
EndProject
Project("{FAE04EC0-301F-11D3-BF4B-00C04F79EFBC}") = "UserGenderValidation", "UserAgeValidation\UserGenderValidation.csproj", "{FEBBCD1B-CC88-4FFF-8D5C-FC40D9C89475}"
EndProject
Project("{FAE04EC0-301F-11D3-BF4B-00C04F79EFBC}") = "UserAgeValidation1", "UserAgeValidation2\UserAgeValidation1.csproj", "{B75530C4-E888-4C4B-A6AC-6AB2AD009286}"
EndProject
Global
	GlobalSection(SolutionConfigurationPlatforms) = preSolution
		Debug|Any CPU = Debug|Any CPU
		Release|Any CPU = Release|Any CPU
	EndGlobalSection
	GlobalSection(ProjectConfigurationPlatforms) = postSolution
		{7A8925E8-88AD-40CF-96B2-1109C59379FF}.Debug|Any CPU.ActiveCfg = Debug|Any CPU
		{7A8925E8-88AD-40CF-96B2-1109C59379FF}.Debug|Any CPU.Build.0 = Debug|Any CPU
		{7A8925E8-88AD-40CF-96B2-1109C59379FF}.Release|Any CPU.ActiveCfg = Release|Any CPU
		{7A8925E8-88AD-40CF-96B2-1109C59379FF}.Release|Any CPU.Build.0 = Release|Any CPU
		{FEBBCD1B-CC88-4FFF-8D5C-FC40D9C89475}.Debug|Any CPU.ActiveCfg = Debug|Any CPU
		{FEBBCD1B-CC88-4FFF-8D5C-FC40D9C89475}.Debug|Any CPU.Build.0 = Debug|Any CPU
		{FEBBCD1B-CC88-4FFF-8D5C-FC40D9C89475}.Release|Any CPU.ActiveCfg = Release|Any CPU
		{FEBBCD1B-CC88-4FFF-8D5C-FC40D9C89475}.Release|Any CPU.Build.0 = Release|Any CPU
		{B75530C4-E888-4C4B-A6AC-6AB2AD009286}.Debug|Any CPU.ActiveCfg = Debug|Any CPU
		{B75530C4-E888-4C4B-A6AC-6AB2AD009286}.Debug|Any CPU.Build.0 = Debug|Any CPU
		{B75530C4-E888-4C4B-A6AC-6AB2AD009286}.Release|Any CPU.ActiveCfg = Release|Any CPU
		{B75530C4-E888-4C4B-A6AC-6AB2AD009286}.Release|Any CPU.Build.0 = Release|Any CPU
	EndGlobalSection
	GlobalSection(SolutionProperties) = preSolution
		HideSolutionNode = FALSE
	EndGlobalSection
	GlobalSection(ExtensibilityGlobals) = postSolution
		SolutionGuid = {574E9CFA-10B4-4817-9911-FB52F6738672}
	EndGlobalSection
EndGlobal
